{
  "meteor": {},
  "dependencies": {
    "basePackages": {
      "meteor-flat-ui": {
        "git": "https://github.com/electricjesus/meteor-flat-ui.git",
        "branch": "master"
      }
    },
    "packages": {
      "meteor-flat-ui": {
        "git": "https://github.com/electricjesus/meteor-flat-ui.git",
        "branch": "master",
        "commit": "c364e85bf6605fc069f4e4f2a557e045ffd66bf5"
      }
    }
  }
}
